
Microsoft Visual Studio Solution File, Format Version 12.00
# Visual Studio 2013
VisualStudioVersion = 12.0.20623.1 VSUPREVIEW
MinimumVisualStudioVersion = 10.0.40219.1
Project("{FAE04EC0-301F-11D3-BF4B-00C04F79EFBC}") = "Blitz.Client", "Blitz.Client\Blitz.Client.csproj", "{B94E7768-2B75-4245-9580-B2C34E376619}"
EndProject
Project("{FAE04EC0-301F-11D3-BF4B-00C04F79EFBC}") = "Blitz.Client.Common", "Blitz.Client.Common\Blitz.Client.Common.csproj", "{BDCE3E56-89DD-47C5-9D70-1FC759DD43C1}"
EndProject
Project("{FAE04EC0-301F-11D3-BF4B-00C04F79EFBC}") = "Blitz.Client.Core", "Blitz.Client.Core\Blitz.Client.Core.csproj", "{41AFE43B-1E42-40DF-B66E-A1ED04456652}"
EndProject
Project("{FAE04EC0-301F-11D3-BF4B-00C04F79EFBC}") = "Blitz.Client.Customer", "Blitz.Client.Customer\Blitz.Client.Customer.csproj", "{0D1E3402-F4F5-46F5-AE79-57CCCD64525F}"
EndProject
Project("{FAE04EC0-301F-11D3-BF4B-00C04F79EFBC}") = "Blitz.Server", "Blitz.Server\Blitz.Server.csproj", "{0419088D-FB73-4662-8B1D-6FBAEEA7766E}"
EndProject
Project("{FAE04EC0-301F-11D3-BF4B-00C04F79EFBC}") = "Blitz.Common", "Blitz.Common\Blitz.Common.csproj", "{145A1613-AA64-42C1-9BA2-5965AF05F0DB}"
EndProject
Project("{2150E333-8FDC-42A3-9474-1A3956D46DE8}") = "Client", "Client", "{3AB1BAE7-9E60-4749-935C-89325E740459}"
EndProject
Project("{2150E333-8FDC-42A3-9474-1A3956D46DE8}") = "Server", "Server", "{933AB69A-9C11-4F13-9679-CD425205A39C}"
EndProject
Project("{FAE04EC0-301F-11D3-BF4B-00C04F79EFBC}") = "Blitz.Client.Core.Tests", "Blitz.Client.Core.Tests\Blitz.Client.Core.Tests.csproj", "{9CFAC65B-6E55-4578-A6F5-16A01EB3E0E6}"
EndProject
Project("{FAE04EC0-301F-11D3-BF4B-00C04F79EFBC}") = "Blitz.Client.ModernUI", "Blitz.Client.ModernUI\Blitz.Client.ModernUI.csproj", "{1C3569B5-82A2-44C6-AF2C-2961E79BE218}"
EndProject
Project("{2150E333-8FDC-42A3-9474-1A3956D46DE8}") = "Licenses", "Licenses", "{88122908-6CFF-4586-B16D-74DC586690CC}"
	ProjectSection(SolutionItems) = preProject
		licenses\License.icons.txt = licenses\License.icons.txt
		licenses\License.Modern.UI.txt = licenses\License.Modern.UI.txt
		licenses\License.RelativeAnimatingContentControl.txt = licenses\License.RelativeAnimatingContentControl.txt
	EndProjectSection
EndProject
Project("{FAE04EC0-301F-11D3-BF4B-00C04F79EFBC}") = "Blitz.Client.Employee", "Blitz.Client.Employee\Blitz.Client.Employee.csproj", "{3B0C3300-DB6E-4EAF-B543-232A4F163644}"
EndProject
Project("{2150E333-8FDC-42A3-9474-1A3956D46DE8}") = ".nuget", ".nuget", "{7500ACFD-06DC-40CB-9310-2E49247D8A13}"
	ProjectSection(SolutionItems) = preProject
		.nuget\NuGet.Config = .nuget\NuGet.Config
		.nuget\NuGet.exe = .nuget\NuGet.exe
		.nuget\NuGet.targets = .nuget\NuGet.targets
	EndProjectSection
EndProject
Project("{2150E333-8FDC-42A3-9474-1A3956D46DE8}") = "Modules", "Modules", "{22B73B22-5EA7-4520-AC67-A448D1C7F7D1}"
EndProject
Global
	GlobalSection(SolutionConfigurationPlatforms) = preSolution
		Debug|Any CPU = Debug|Any CPU
		Release|Any CPU = Release|Any CPU
	EndGlobalSection
	GlobalSection(ProjectConfigurationPlatforms) = postSolution
		{B94E7768-2B75-4245-9580-B2C34E376619}.Debug|Any CPU.ActiveCfg = Debug|Any CPU
		{B94E7768-2B75-4245-9580-B2C34E376619}.Debug|Any CPU.Build.0 = Debug|Any CPU
		{B94E7768-2B75-4245-9580-B2C34E376619}.Release|Any CPU.ActiveCfg = Release|Any CPU
		{B94E7768-2B75-4245-9580-B2C34E376619}.Release|Any CPU.Build.0 = Release|Any CPU
		{BDCE3E56-89DD-47C5-9D70-1FC759DD43C1}.Debug|Any CPU.ActiveCfg = Debug|Any CPU
		{BDCE3E56-89DD-47C5-9D70-1FC759DD43C1}.Debug|Any CPU.Build.0 = Debug|Any CPU
		{BDCE3E56-89DD-47C5-9D70-1FC759DD43C1}.Release|Any CPU.ActiveCfg = Release|Any CPU
		{BDCE3E56-89DD-47C5-9D70-1FC759DD43C1}.Release|Any CPU.Build.0 = Release|Any CPU
		{41AFE43B-1E42-40DF-B66E-A1ED04456652}.Debug|Any CPU.ActiveCfg = Debug|Any CPU
		{41AFE43B-1E42-40DF-B66E-A1ED04456652}.Debug|Any CPU.Build.0 = Debug|Any CPU
		{41AFE43B-1E42-40DF-B66E-A1ED04456652}.Release|Any CPU.ActiveCfg = Release|Any CPU
		{41AFE43B-1E42-40DF-B66E-A1ED04456652}.Release|Any CPU.Build.0 = Release|Any CPU
		{0D1E3402-F4F5-46F5-AE79-57CCCD64525F}.Debug|Any CPU.ActiveCfg = Debug|Any CPU
		{0D1E3402-F4F5-46F5-AE79-57CCCD64525F}.Debug|Any CPU.Build.0 = Debug|Any CPU
		{0D1E3402-F4F5-46F5-AE79-57CCCD64525F}.Release|Any CPU.ActiveCfg = Release|Any CPU
		{0D1E3402-F4F5-46F5-AE79-57CCCD64525F}.Release|Any CPU.Build.0 = Release|Any CPU
		{0419088D-FB73-4662-8B1D-6FBAEEA7766E}.Debug|Any CPU.ActiveCfg = Debug|Any CPU
		{0419088D-FB73-4662-8B1D-6FBAEEA7766E}.Debug|Any CPU.Build.0 = Debug|Any CPU
		{0419088D-FB73-4662-8B1D-6FBAEEA7766E}.Release|Any CPU.ActiveCfg = Release|Any CPU
		{0419088D-FB73-4662-8B1D-6FBAEEA7766E}.Release|Any CPU.Build.0 = Release|Any CPU
		{145A1613-AA64-42C1-9BA2-5965AF05F0DB}.Debug|Any CPU.ActiveCfg = Debug|Any CPU
		{145A1613-AA64-42C1-9BA2-5965AF05F0DB}.Debug|Any CPU.Build.0 = Debug|Any CPU
		{145A1613-AA64-42C1-9BA2-5965AF05F0DB}.Release|Any CPU.ActiveCfg = Release|Any CPU
		{145A1613-AA64-42C1-9BA2-5965AF05F0DB}.Release|Any CPU.Build.0 = Release|Any CPU
		{9CFAC65B-6E55-4578-A6F5-16A01EB3E0E6}.Debug|Any CPU.ActiveCfg = Debug|Any CPU
		{9CFAC65B-6E55-4578-A6F5-16A01EB3E0E6}.Debug|Any CPU.Build.0 = Debug|Any CPU
		{9CFAC65B-6E55-4578-A6F5-16A01EB3E0E6}.Release|Any CPU.ActiveCfg = Release|Any CPU
		{9CFAC65B-6E55-4578-A6F5-16A01EB3E0E6}.Release|Any CPU.Build.0 = Release|Any CPU
		{1C3569B5-82A2-44C6-AF2C-2961E79BE218}.Debug|Any CPU.ActiveCfg = Debug|Any CPU
		{1C3569B5-82A2-44C6-AF2C-2961E79BE218}.Debug|Any CPU.Build.0 = Debug|Any CPU
		{1C3569B5-82A2-44C6-AF2C-2961E79BE218}.Release|Any CPU.ActiveCfg = Release|Any CPU
		{1C3569B5-82A2-44C6-AF2C-2961E79BE218}.Release|Any CPU.Build.0 = Release|Any CPU
		{3B0C3300-DB6E-4EAF-B543-232A4F163644}.Debug|Any CPU.ActiveCfg = Debug|Any CPU
		{3B0C3300-DB6E-4EAF-B543-232A4F163644}.Debug|Any CPU.Build.0 = Debug|Any CPU
		{3B0C3300-DB6E-4EAF-B543-232A4F163644}.Release|Any CPU.ActiveCfg = Release|Any CPU
		{3B0C3300-DB6E-4EAF-B543-232A4F163644}.Release|Any CPU.Build.0 = Release|Any CPU
	EndGlobalSection
	GlobalSection(SolutionProperties) = preSolution
		HideSolutionNode = FALSE
	EndGlobalSection
	GlobalSection(NestedProjects) = preSolution
		{BDCE3E56-89DD-47C5-9D70-1FC759DD43C1} = {3AB1BAE7-9E60-4749-935C-89325E740459}
		{41AFE43B-1E42-40DF-B66E-A1ED04456652} = {3AB1BAE7-9E60-4749-935C-89325E740459}
		{B94E7768-2B75-4245-9580-B2C34E376619} = {3AB1BAE7-9E60-4749-935C-89325E740459}
		{9CFAC65B-6E55-4578-A6F5-16A01EB3E0E6} = {3AB1BAE7-9E60-4749-935C-89325E740459}
		{1C3569B5-82A2-44C6-AF2C-2961E79BE218} = {3AB1BAE7-9E60-4749-935C-89325E740459}
		{22B73B22-5EA7-4520-AC67-A448D1C7F7D1} = {3AB1BAE7-9E60-4749-935C-89325E740459}
		{0419088D-FB73-4662-8B1D-6FBAEEA7766E} = {933AB69A-9C11-4F13-9679-CD425205A39C}
		{0D1E3402-F4F5-46F5-AE79-57CCCD64525F} = {22B73B22-5EA7-4520-AC67-A448D1C7F7D1}
		{3B0C3300-DB6E-4EAF-B543-232A4F163644} = {22B73B22-5EA7-4520-AC67-A448D1C7F7D1}
	EndGlobalSection
	GlobalSection(ExtensibilityGlobals) = postSolution
		EnterpriseLibraryConfigurationToolBinariesPath = packages\Unity.2.1.505.2\lib\NET35
	EndGlobalSection
EndGlobal
